
Microsoft Visual Studio Solution File, Format Version 12.00
# Visual Studio Version 17
VisualStudioVersion = 17.0.31903.59
MinimumVisualStudioVersion = 10.0.40219.1
Project("{2150E333-8FDC-42A3-9474-1A3956D46DE8}") = "server", "server", "{C5787246-34CB-4470-8F7E-16A88F88AEB9}"
EndProject
Project("{FAE04EC0-301F-11D3-BF4B-00C04F79EFBC}") = "Asterism.Server", "server\Asterism.Server\Asterism.Server.csproj", "{CD413889-96E0-4836-AC25-B34193001A6E}"
EndProject
Project("{2150E333-8FDC-42A3-9474-1A3956D46DE8}") = "client", "client", "{70A39B1B-8236-4AA1-90FA-EAFFC8E6B5CD}"
EndProject
Project("{FAE04EC0-301F-11D3-BF4B-00C04F79EFBC}") = "Asterism.Client", "client\Asterism.Client\Asterism.Client.csproj", "{09EBE63A-2733-4B9D-8128-BB744F1078DF}"
EndProject
Global
	GlobalSection(SolutionConfigurationPlatforms) = preSolution
		Debug|Any CPU = Debug|Any CPU
		Release|Any CPU = Release|Any CPU
	EndGlobalSection
	GlobalSection(SolutionProperties) = preSolution
		HideSolutionNode = FALSE
	EndGlobalSection
	GlobalSection(ProjectConfigurationPlatforms) = postSolution
		{CD413889-96E0-4836-AC25-B34193001A6E}.Debug|Any CPU.ActiveCfg = Debug|Any CPU
		{CD413889-96E0-4836-AC25-B34193001A6E}.Debug|Any CPU.Build.0 = Debug|Any CPU
		{CD413889-96E0-4836-AC25-B34193001A6E}.Release|Any CPU.ActiveCfg = Release|Any CPU
		{CD413889-96E0-4836-AC25-B34193001A6E}.Release|Any CPU.Build.0 = Release|Any CPU
		{09EBE63A-2733-4B9D-8128-BB744F1078DF}.Debug|Any CPU.ActiveCfg = Debug|Any CPU
		{09EBE63A-2733-4B9D-8128-BB744F1078DF}.Debug|Any CPU.Build.0 = Debug|Any CPU
		{09EBE63A-2733-4B9D-8128-BB744F1078DF}.Release|Any CPU.ActiveCfg = Release|Any CPU
		{09EBE63A-2733-4B9D-8128-BB744F1078DF}.Release|Any CPU.Build.0 = Release|Any CPU
	EndGlobalSection
	GlobalSection(NestedProjects) = preSolution
		{CD413889-96E0-4836-AC25-B34193001A6E} = {C5787246-34CB-4470-8F7E-16A88F88AEB9}
		{09EBE63A-2733-4B9D-8128-BB744F1078DF} = {70A39B1B-8236-4AA1-90FA-EAFFC8E6B5CD}
	EndGlobalSection
EndGlobal
